// !$*UTF8*$!
{
	archiveVersion = 1;
	classes = {
	};
	objectVersion = 46;
	objects = {

/* Begin PBXBuildFile section */
		0A0E3C8E1A3E42DC00E4AC29 /* UIDynamicBehaviorItemAdditionSyntax.swift in Sources */ = {isa = PBXBuildFile; fileRef = 0A0E3C8D1A3E42DC00E4AC29 /* UIDynamicBehaviorItemAdditionSyntax.swift */; };
		0A10F28D1A3D147700715C7A /* ColorComponentConversionTests.swift in Sources */ = {isa = PBXBuildFile; fileRef = 0A10F28C1A3D147700715C7A /* ColorComponentConversionTests.swift */; };
		0A10F28F1A3D16E600715C7A /* UIColorComponents.swift in Sources */ = {isa = PBXBuildFile; fileRef = 0A10F28E1A3D16E600715C7A /* UIColorComponents.swift */; };
		0A21DC441A343018005FFC4E /* UIControlEnabling.swift in Sources */ = {isa = PBXBuildFile; fileRef = 0A21DC431A343018005FFC4E /* UIControlEnabling.swift */; };
		0A21DC481A343174005FFC4E /* UIGestureRecognizerEnabling.swift in Sources */ = {isa = PBXBuildFile; fileRef = 0A21DC471A343174005FFC4E /* UIGestureRecognizerEnabling.swift */; };
		0A21DC4A1A3431C9005FFC4E /* GestureRecognizerEnablingTests.swift in Sources */ = {isa = PBXBuildFile; fileRef = 0A21DC491A3431C9005FFC4E /* GestureRecognizerEnablingTests.swift */; };
		0A2312691A327F4F00BE92BE /* UIViewAdditionSyntax.swift in Sources */ = {isa = PBXBuildFile; fileRef = 0A2312681A327F4F00BE92BE /* UIViewAdditionSyntax.swift */; };
		0A23126C1A32826700BE92BE /* ViewAddableSyntaxTests.swift in Sources */ = {isa = PBXBuildFile; fileRef = 0A23126B1A32826700BE92BE /* ViewAddableSyntaxTests.swift */; };
		0A3BB97F19EB70C70075B32A /* UIKitSwagger.h in Headers */ = {isa = PBXBuildFile; fileRef = 0A3BB97E19EB70C70075B32A /* UIKitSwagger.h */; settings = {ATTRIBUTES = (Public, ); }; };
		0A3BB98519EB70C70075B32A /* UIKitSwagger.framework in Frameworks */ = {isa = PBXBuildFile; fileRef = 0A3BB97919EB70C70075B32A /* UIKitSwagger.framework */; };
		0A3BB99A19EB71740075B32A /* ConstraintComparisonTests.swift in Sources */ = {isa = PBXBuildFile; fileRef = 0A3BB99619EB71740075B32A /* ConstraintComparisonTests.swift */; };
		0A3BB99B19EB71740075B32A /* ConstraintReversalTests.swift in Sources */ = {isa = PBXBuildFile; fileRef = 0A3BB99719EB71740075B32A /* ConstraintReversalTests.swift */; };
		0A3BB99C19EB71740075B32A /* ConstraintSearchTests.swift in Sources */ = {isa = PBXBuildFile; fileRef = 0A3BB99819EB71740075B32A /* ConstraintSearchTests.swift */; };
		0A3BB99D19EB71740075B32A /* ViewHierarchyTests.swift in Sources */ = {isa = PBXBuildFile; fileRef = 0A3BB99919EB71740075B32A /* ViewHierarchyTests.swift */; };
		0A3BB9A219EB71F00075B32A /* NSLayoutConstraintComparison.swift in Sources */ = {isa = PBXBuildFile; fileRef = 0A3BB99F19EB71F00075B32A /* NSLayoutConstraintComparison.swift */; };
		0A3BB9A319EB71F00075B32A /* UIViewConstraintSearch.swift in Sources */ = {isa = PBXBuildFile; fileRef = 0A3BB9A119EB71F00075B32A /* UIViewConstraintSearch.swift */; };
		0A3BB9AB19EB740F0075B32A /* NSLayoutConstraintSearch.swift in Sources */ = {isa = PBXBuildFile; fileRef = 0A3BB9AA19EB740F0075B32A /* NSLayoutConstraintSearch.swift */; };
		0A3BB9AE19EB74DF0075B32A /* UIViewHierarchy.swift in Sources */ = {isa = PBXBuildFile; fileRef = 0A3BB9AD19EB74DF0075B32A /* UIViewHierarchy.swift */; };
		0A3F1B4E1A4112F500195B8F /* UIViewConstraintApplication.swift in Sources */ = {isa = PBXBuildFile; fileRef = 0A3F1B4D1A4112F500195B8F /* UIViewConstraintApplication.swift */; };
		0A4CF44A1A22E24A00D6F4F8 /* ViewLayoutAttributesTests.swift in Sources */ = {isa = PBXBuildFile; fileRef = 0A4CF4491A22E24A00D6F4F8 /* ViewLayoutAttributesTests.swift */; };
		0A4CF44C1A22E32200D6F4F8 /* UIViewAutoLayoutAttributes.swift in Sources */ = {isa = PBXBuildFile; fileRef = 0A4CF44B1A22E32200D6F4F8 /* UIViewAutoLayoutAttributes.swift */; };
		0A4CF44E1A22E35B00D6F4F8 /* AutoLayoutAttributable.swift in Sources */ = {isa = PBXBuildFile; fileRef = 0A4CF44D1A22E35B00D6F4F8 /* AutoLayoutAttributable.swift */; };
		0A52547B1B34CF1600BC39DC /* NSLayoutConstraintReversal.swift in Sources */ = {isa = PBXBuildFile; fileRef = 0A52547A1B34CF1600BC39DC /* NSLayoutConstraintReversal.swift */; };
		0A5A29781A73351D003CB7EE /* SpinnerStateManagerTests.swift in Sources */ = {isa = PBXBuildFile; fileRef = 0A5A29771A73351D003CB7EE /* SpinnerStateManagerTests.swift */; };
		0A5A297B1A73368B003CB7EE /* SpinnerStateManager.swift in Sources */ = {isa = PBXBuildFile; fileRef = 0A5A297A1A73368B003CB7EE /* SpinnerStateManager.swift */; };
		0A5BD0F71A3D0C5F00793312 /* ColorAliasTests.swift in Sources */ = {isa = PBXBuildFile; fileRef = 0A5BD0F61A3D0C5F00793312 /* ColorAliasTests.swift */; };
		0A5BD0FA1A3D0C9200793312 /* ColorAliases.swift in Sources */ = {isa = PBXBuildFile; fileRef = 0A5BD0F91A3D0C9200793312 /* ColorAliases.swift */; };
		0A5F12F31A285D1000694C56 /* DimensionsTests.swift in Sources */ = {isa = PBXBuildFile; fileRef = 0A5F12F21A285D1000694C56 /* DimensionsTests.swift */; };
		0A5F12F81A285EB600694C56 /* UIViewDimensions.swift in Sources */ = {isa = PBXBuildFile; fileRef = 0A5F12F71A285EB600694C56 /* UIViewDimensions.swift */; };
		0A63DFDD1B3B4C5100B68DC0 /* LayoutGuideLayoutAttributesTests.swift in Sources */ = {isa = PBXBuildFile; fileRef = 0A63DFDC1B3B4C5100B68DC0 /* LayoutGuideLayoutAttributesTests.swift */; };
		0A63F7431A3D51F0001FBFF7 /* ColorPaletteTests.swift in Sources */ = {isa = PBXBuildFile; fileRef = 0A63F7421A3D51F0001FBFF7 /* ColorPaletteTests.swift */; };
		0A63F7451A3D59F8001FBFF7 /* ColorPalette.swift in Sources */ = {isa = PBXBuildFile; fileRef = 0A63F7441A3D59F8001FBFF7 /* ColorPalette.swift */; };
		0A63F7481A3E0EA3001FBFF7 /* DynamicAnimatorAdditionSyntaxTests.swift in Sources */ = {isa = PBXBuildFile; fileRef = 0A63F7471A3E0EA3001FBFF7 /* DynamicAnimatorAdditionSyntaxTests.swift */; };
		0A63F74B1A3E105D001FBFF7 /* UIDynamicAnimatorAdditionSyntax.swift in Sources */ = {isa = PBXBuildFile; fileRef = 0A63F74A1A3E105D001FBFF7 /* UIDynamicAnimatorAdditionSyntax.swift */; };
		0A63F74E1A3E147B001FBFF7 /* DynamicBehaviorAdditionSyntaxTests.swift in Sources */ = {isa = PBXBuildFile; fileRef = 0A63F74D1A3E147B001FBFF7 /* DynamicBehaviorAdditionSyntaxTests.swift */; };
		0A63F7501A3E15D9001FBFF7 /* UIDynamicBehaviorAdditionSyntax.swift in Sources */ = {isa = PBXBuildFile; fileRef = 0A63F74F1A3E15D9001FBFF7 /* UIDynamicBehaviorAdditionSyntax.swift */; };
		0A67BADA1A22E8E50038D99A /* ViewControllerLayoutAttributesTests.swift in Sources */ = {isa = PBXBuildFile; fileRef = 0A67BAD91A22E8E50038D99A /* ViewControllerLayoutAttributesTests.swift */; };
		0A67BADD1A22E8FD0038D99A /* UIViewControllerAutoLayoutAttributes.swift in Sources */ = {isa = PBXBuildFile; fileRef = 0A67BADC1A22E8FD0038D99A /* UIViewControllerAutoLayoutAttributes.swift */; };
		0A67BAE01A22F0450038D99A /* ConstraintBuilderSyntaxTests.swift in Sources */ = {isa = PBXBuildFile; fileRef = 0A67BADF1A22F0450038D99A /* ConstraintBuilderSyntaxTests.swift */; };
		0A67BAE21A22FF240038D99A /* AutoLayoutSyntax.swift in Sources */ = {isa = PBXBuildFile; fileRef = 0A67BAE11A22FF240038D99A /* AutoLayoutSyntax.swift */; };
		0A754C081A28455F0077DB3A /* ViewDistributionTests.swift in Sources */ = {isa = PBXBuildFile; fileRef = 0A754C071A28455F0077DB3A /* ViewDistributionTests.swift */; };
		0A754C0A1A2848100077DB3A /* AutoLayoutViewDistribution.swift in Sources */ = {isa = PBXBuildFile; fileRef = 0A754C091A2848100077DB3A /* AutoLayoutViewDistribution.swift */; };
		0A7748DE1AA170A600B434D3 /* ConstraintTranslationTests.swift in Sources */ = {isa = PBXBuildFile; fileRef = 0A7748DD1AA170A600B434D3 /* ConstraintTranslationTests.swift */; };
		0A8028031A3421E000816792 /* AlertActionEnablingTests.swift in Sources */ = {isa = PBXBuildFile; fileRef = 0A8028021A3421E000816792 /* AlertActionEnablingTests.swift */; };
		0A8028061A34221E00816792 /* UIAlertActionEnabling.swift in Sources */ = {isa = PBXBuildFile; fileRef = 0A8028051A34221E00816792 /* UIAlertActionEnabling.swift */; };
		0A8028091A34257C00816792 /* BarItemEnablingTests.swift in Sources */ = {isa = PBXBuildFile; fileRef = 0A8028081A34257C00816792 /* BarItemEnablingTests.swift */; };
		0A80280C1A34265A00816792 /* UIBarItemEnabling.swift in Sources */ = {isa = PBXBuildFile; fileRef = 0A80280B1A34265A00816792 /* UIBarItemEnabling.swift */; };
		0A8028131A342EEA00816792 /* ControlEnablingTests.swift in Sources */ = {isa = PBXBuildFile; fileRef = 0A8028111A342EEA00816792 /* ControlEnablingTests.swift */; };
		0A9032261A3E18EC00D1A713 /* DynamicBehaviorItemAdditionSyntaxTests.swift in Sources */ = {isa = PBXBuildFile; fileRef = 0A9032251A3E18EC00D1A713 /* DynamicBehaviorItemAdditionSyntaxTests.swift */; };
		0A9B690E1A05778300F3FFC2 /* ShowHideTests.swift in Sources */ = {isa = PBXBuildFile; fileRef = 0A9B690D1A05778300F3FFC2 /* ShowHideTests.swift */; };
		0A9B69101A05799200F3FFC2 /* ViewUtilities.swift in Sources */ = {isa = PBXBuildFile; fileRef = 0A9B690F1A05799200F3FFC2 /* ViewUtilities.swift */; };
		0AA580591A3D29EB0061D882 /* UIColorRGBComponents.swift in Sources */ = {isa = PBXBuildFile; fileRef = 0AA580581A3D29EB0061D882 /* UIColorRGBComponents.swift */; };
		0AA5805C1A3D2B830061D882 /* UIColorHSBComponents.swift in Sources */ = {isa = PBXBuildFile; fileRef = 0AA5805B1A3D2B830061D882 /* UIColorHSBComponents.swift */; };
		0AA5805F1A3D2B960061D882 /* UIColorGrayscaleComponents.swift in Sources */ = {isa = PBXBuildFile; fileRef = 0AA5805E1A3D2B960061D882 /* UIColorGrayscaleComponents.swift */; };
		0AC37F8F1A29306C00E1C943 /* AutoLayoutInternal.swift in Sources */ = {isa = PBXBuildFile; fileRef = 0AC37F8E1A29306C00E1C943 /* AutoLayoutInternal.swift */; };
		0AC37F921A29541C00E1C943 /* MainThreadUpdatesTests.swift in Sources */ = {isa = PBXBuildFile; fileRef = 0AC37F911A29541C00E1C943 /* MainThreadUpdatesTests.swift */; };
		0AC37F951A29595300E1C943 /* Concurrency.swift in Sources */ = {isa = PBXBuildFile; fileRef = 0AC37F941A29595300E1C943 /* Concurrency.swift */; };
		0AC4A8AA1A26C65F00EBCCB8 /* ConstraintApplicationTests.swift in Sources */ = {isa = PBXBuildFile; fileRef = 0AC4A8A91A26C65F00EBCCB8 /* ConstraintApplicationTests.swift */; };
		0AC4A8AC1A26C80E00EBCCB8 /* NSLayoutConstraintApplication.swift in Sources */ = {isa = PBXBuildFile; fileRef = 0AC4A8AB1A26C80E00EBCCB8 /* NSLayoutConstraintApplication.swift */; };
		0AC4A8B71A27E05600EBCCB8 /* AppDelegate.swift in Sources */ = {isa = PBXBuildFile; fileRef = 0AC4A8B61A27E05600EBCCB8 /* AppDelegate.swift */; };
		0AC4A8B91A27E05600EBCCB8 /* DummyViewController.swift in Sources */ = {isa = PBXBuildFile; fileRef = 0AC4A8B81A27E05600EBCCB8 /* DummyViewController.swift */; };
		0AC4A8BC1A27E05600EBCCB8 /* Main.storyboard in Resources */ = {isa = PBXBuildFile; fileRef = 0AC4A8BA1A27E05600EBCCB8 /* Main.storyboard */; };
		0AC4A8D91A27FCF800EBCCB8 /* ViewAlignmentTests.swift in Sources */ = {isa = PBXBuildFile; fileRef = 0AC4A8D81A27FCF800EBCCB8 /* ViewAlignmentTests.swift */; };
		0AC4A8DB1A27FE2100EBCCB8 /* AutoLayoutViewAlignment.swift in Sources */ = {isa = PBXBuildFile; fileRef = 0AC4A8DA1A27FE2100EBCCB8 /* AutoLayoutViewAlignment.swift */; };
		0ACADAE51A3A8AB800CF49F8 /* AlertControllerAddableTests.swift in Sources */ = {isa = PBXBuildFile; fileRef = 0ACADAE41A3A8AB800CF49F8 /* AlertControllerAddableTests.swift */; };
		0ACADAE71A3A8C6700CF49F8 /* UIAlertControllerAdditionSyntax.swift in Sources */ = {isa = PBXBuildFile; fileRef = 0ACADAE61A3A8C6700CF49F8 /* UIAlertControllerAdditionSyntax.swift */; };
		0ACADAEA1A3BE42B00CF49F8 /* SwitchStateManagementTests.swift in Sources */ = {isa = PBXBuildFile; fileRef = 0ACADAE91A3BE42B00CF49F8 /* SwitchStateManagementTests.swift */; };
		0ACADAED1A3BE90600CF49F8 /* UISwitchStateManagement.swift in Sources */ = {isa = PBXBuildFile; fileRef = 0ACADAEC1A3BE90600CF49F8 /* UISwitchStateManagement.swift */; };
		0ACADAF01A3BF0E500CF49F8 /* SliderIntervalTests.swift in Sources */ = {isa = PBXBuildFile; fileRef = 0ACADAEF1A3BF0E500CF49F8 /* SliderIntervalTests.swift */; };
		0ACADAF31A3BF4A500CF49F8 /* UISliderInterval.swift in Sources */ = {isa = PBXBuildFile; fileRef = 0ACADAF21A3BF4A500CF49F8 /* UISliderInterval.swift */; };
		0ACADAFF1A3CF48900CF49F8 /* UIKitEnablable.swift in Sources */ = {isa = PBXBuildFile; fileRef = 0ACADAFE1A3CF48900CF49F8 /* UIKitEnablable.swift */; };
		0ACADB061A3CF71F00CF49F8 /* UIStepperInterval.swift in Sources */ = {isa = PBXBuildFile; fileRef = 0ACADB051A3CF71F00CF49F8 /* UIStepperInterval.swift */; };
		0ACADB0A1A3CF74900CF49F8 /* StepperIntervalTests.swift in Sources */ = {isa = PBXBuildFile; fileRef = 0ACADB081A3CF74900CF49F8 /* StepperIntervalTests.swift */; };
		0ACED1701AA384360073E42C /* HSBComponentsTests.swift in Sources */ = {isa = PBXBuildFile; fileRef = 0ACED16F1AA384360073E42C /* HSBComponentsTests.swift */; };
		0ACED1721AA384420073E42C /* GrayscaleComponentsTests.swift in Sources */ = {isa = PBXBuildFile; fileRef = 0ACED1711AA384420073E42C /* GrayscaleComponentsTests.swift */; };
		0ACED1791AA387CD0073E42C /* TestConstants.swift in Sources */ = {isa = PBXBuildFile; fileRef = 0ACED1781AA387CD0073E42C /* TestConstants.swift */; };
		0ACED17D1AA388350073E42C /* ColorTestHelpers.swift in Sources */ = {isa = PBXBuildFile; fileRef = 0ACED17C1AA388350073E42C /* ColorTestHelpers.swift */; };
		0ACED17F1AA3E4E10073E42C /* RGBComponentsTests.swift in Sources */ = {isa = PBXBuildFile; fileRef = 0ACED16D1AA383A70073E42C /* RGBComponentsTests.swift */; };
		0ACED1801AA3E8A40073E42C /* CMYKComponentsTests.swift in Sources */ = {isa = PBXBuildFile; fileRef = 0ACED1731AA3844D0073E42C /* CMYKComponentsTests.swift */; };
		0ACED1811AA41EE10073E42C /* UIColorCMYKComponents.swift in Sources */ = {isa = PBXBuildFile; fileRef = 0ACED16A1AA2D5400073E42C /* UIColorCMYKComponents.swift */; };
		0AD6F2551A34353700D863A2 /* LabelEnablingTests.swift in Sources */ = {isa = PBXBuildFile; fileRef = 0AD6F2541A34353700D863A2 /* LabelEnablingTests.swift */; };
		0AD6F2581A34354400D863A2 /* UILabelEnabling.swift in Sources */ = {isa = PBXBuildFile; fileRef = 0AD6F2571A34354400D863A2 /* UILabelEnabling.swift */; };
		0AD6F25B1A34394000D863A2 /* NSLayoutConstraintActivation.swift in Sources */ = {isa = PBXBuildFile; fileRef = 0AD6F25A1A34394000D863A2 /* NSLayoutConstraintActivation.swift */; };
		0AF2A0851A28640D00A5C0F9 /* AutoLayoutDimensions.swift in Sources */ = {isa = PBXBuildFile; fileRef = 0AF2A0841A28640D00A5C0F9 /* AutoLayoutDimensions.swift */; };
		0AF2A0881A28FBC000A5C0F9 /* ConstraintActivationTests.swift in Sources */ = {isa = PBXBuildFile; fileRef = 0AF2A0871A28FBC000A5C0F9 /* ConstraintActivationTests.swift */; };
		0AF2A08A1A28FFD700A5C0F9 /* AutoLayoutConstraintActivation.swift in Sources */ = {isa = PBXBuildFile; fileRef = 0AF2A0891A28FFD700A5C0F9 /* AutoLayoutConstraintActivation.swift */; };
/* End PBXBuildFile section */

/* Begin PBXContainerItemProxy section */
		0A3BB98619EB70C70075B32A /* PBXContainerItemProxy */ = {
			isa = PBXContainerItemProxy;
			containerPortal = 0A3BB97019EB70C70075B32A /* Project object */;
			proxyType = 1;
			remoteGlobalIDString = 0A3BB97819EB70C70075B32A;
			remoteInfo = UIKitSwagger;
		};
		0AC4A8D41A27E09800EBCCB8 /* PBXContainerItemProxy */ = {
			isa = PBXContainerItemProxy;
			containerPortal = 0A3BB97019EB70C70075B32A /* Project object */;
			proxyType = 1;
			remoteGlobalIDString = 0AC4A8B11A27E05600EBCCB8;
			remoteInfo = TestingDummy;
		};
/* End PBXContainerItemProxy section */

/* Begin PBXFileReference section */
		0A0E3C8D1A3E42DC00E4AC29 /* UIDynamicBehaviorItemAdditionSyntax.swift */ = {isa = PBXFileReference; fileEncoding = 4; lastKnownFileType = sourcecode.swift; path = UIDynamicBehaviorItemAdditionSyntax.swift; sourceTree = "<group>"; };
		0A10F28C1A3D147700715C7A /* ColorComponentConversionTests.swift */ = {isa = PBXFileReference; fileEncoding = 4; lastKnownFileType = sourcecode.swift; path = ColorComponentConversionTests.swift; sourceTree = "<group>"; };
		0A10F28E1A3D16E600715C7A /* UIColorComponents.swift */ = {isa = PBXFileReference; fileEncoding = 4; lastKnownFileType = sourcecode.swift; path = UIColorComponents.swift; sourceTree = "<group>"; };
		0A21DC431A343018005FFC4E /* UIControlEnabling.swift */ = {isa = PBXFileReference; fileEncoding = 4; lastKnownFileType = sourcecode.swift; path = UIControlEnabling.swift; sourceTree = "<group>"; };
		0A21DC471A343174005FFC4E /* UIGestureRecognizerEnabling.swift */ = {isa = PBXFileReference; fileEncoding = 4; lastKnownFileType = sourcecode.swift; path = UIGestureRecognizerEnabling.swift; sourceTree = "<group>"; };
		0A21DC491A3431C9005FFC4E /* GestureRecognizerEnablingTests.swift */ = {isa = PBXFileReference; fileEncoding = 4; lastKnownFileType = sourcecode.swift; path = GestureRecognizerEnablingTests.swift; sourceTree = "<group>"; };
		0A2312681A327F4F00BE92BE /* UIViewAdditionSyntax.swift */ = {isa = PBXFileReference; fileEncoding = 4; lastKnownFileType = sourcecode.swift; path = UIViewAdditionSyntax.swift; sourceTree = "<group>"; };
		0A23126B1A32826700BE92BE /* ViewAddableSyntaxTests.swift */ = {isa = PBXFileReference; fileEncoding = 4; lastKnownFileType = sourcecode.swift; path = ViewAddableSyntaxTests.swift; sourceTree = "<group>"; };
		0A3BB97919EB70C70075B32A /* UIKitSwagger.framework */ = {isa = PBXFileReference; explicitFileType = wrapper.framework; includeInIndex = 0; path = UIKitSwagger.framework; sourceTree = BUILT_PRODUCTS_DIR; };
		0A3BB97D19EB70C70075B32A /* Info.plist */ = {isa = PBXFileReference; lastKnownFileType = text.plist.xml; path = Info.plist; sourceTree = "<group>"; };
		0A3BB97E19EB70C70075B32A /* UIKitSwagger.h */ = {isa = PBXFileReference; lastKnownFileType = sourcecode.c.h; path = UIKitSwagger.h; sourceTree = "<group>"; };
		0A3BB98419EB70C70075B32A /* UIKitSwaggerTests.xctest */ = {isa = PBXFileReference; explicitFileType = wrapper.cfbundle; includeInIndex = 0; path = UIKitSwaggerTests.xctest; sourceTree = BUILT_PRODUCTS_DIR; };
		0A3BB98A19EB70C70075B32A /* Info.plist */ = {isa = PBXFileReference; lastKnownFileType = text.plist.xml; path = Info.plist; sourceTree = "<group>"; };
		0A3BB99619EB71740075B32A /* ConstraintComparisonTests.swift */ = {isa = PBXFileReference; fileEncoding = 4; lastKnownFileType = sourcecode.swift; path = ConstraintComparisonTests.swift; sourceTree = "<group>"; };
		0A3BB99719EB71740075B32A /* ConstraintReversalTests.swift */ = {isa = PBXFileReference; fileEncoding = 4; lastKnownFileType = sourcecode.swift; path = ConstraintReversalTests.swift; sourceTree = "<group>"; };
		0A3BB99819EB71740075B32A /* ConstraintSearchTests.swift */ = {isa = PBXFileReference; fileEncoding = 4; lastKnownFileType = sourcecode.swift; path = ConstraintSearchTests.swift; sourceTree = "<group>"; };
		0A3BB99919EB71740075B32A /* ViewHierarchyTests.swift */ = {isa = PBXFileReference; fileEncoding = 4; lastKnownFileType = sourcecode.swift; path = ViewHierarchyTests.swift; sourceTree = "<group>"; };
		0A3BB99F19EB71F00075B32A /* NSLayoutConstraintComparison.swift */ = {isa = PBXFileReference; fileEncoding = 4; lastKnownFileType = sourcecode.swift; path = NSLayoutConstraintComparison.swift; sourceTree = "<group>"; };
		0A3BB9A119EB71F00075B32A /* UIViewConstraintSearch.swift */ = {isa = PBXFileReference; fileEncoding = 4; lastKnownFileType = sourcecode.swift; path = UIViewConstraintSearch.swift; sourceTree = "<group>"; };
		0A3BB9AA19EB740F0075B32A /* NSLayoutConstraintSearch.swift */ = {isa = PBXFileReference; fileEncoding = 4; lastKnownFileType = sourcecode.swift; path = NSLayoutConstraintSearch.swift; sourceTree = "<group>"; };
		0A3BB9AD19EB74DF0075B32A /* UIViewHierarchy.swift */ = {isa = PBXFileReference; fileEncoding = 4; lastKnownFileType = sourcecode.swift; path = UIViewHierarchy.swift; sourceTree = "<group>"; };
		0A3F1B4D1A4112F500195B8F /* UIViewConstraintApplication.swift */ = {isa = PBXFileReference; fileEncoding = 4; lastKnownFileType = sourcecode.swift; path = UIViewConstraintApplication.swift; sourceTree = "<group>"; };
		0A4CF4491A22E24A00D6F4F8 /* ViewLayoutAttributesTests.swift */ = {isa = PBXFileReference; fileEncoding = 4; lastKnownFileType = sourcecode.swift; path = ViewLayoutAttributesTests.swift; sourceTree = "<group>"; };
		0A4CF44B1A22E32200D6F4F8 /* UIViewAutoLayoutAttributes.swift */ = {isa = PBXFileReference; fileEncoding = 4; lastKnownFileType = sourcecode.swift; path = UIViewAutoLayoutAttributes.swift; sourceTree = "<group>"; };
		0A4CF44D1A22E35B00D6F4F8 /* AutoLayoutAttributable.swift */ = {isa = PBXFileReference; fileEncoding = 4; lastKnownFileType = sourcecode.swift; path = AutoLayoutAttributable.swift; sourceTree = "<group>"; };
		0A52547A1B34CF1600BC39DC /* NSLayoutConstraintReversal.swift */ = {isa = PBXFileReference; fileEncoding = 4; lastKnownFileType = sourcecode.swift; path = NSLayoutConstraintReversal.swift; sourceTree = "<group>"; };
		0A5A29771A73351D003CB7EE /* SpinnerStateManagerTests.swift */ = {isa = PBXFileReference; fileEncoding = 4; lastKnownFileType = sourcecode.swift; path = SpinnerStateManagerTests.swift; sourceTree = "<group>"; };
		0A5A297A1A73368B003CB7EE /* SpinnerStateManager.swift */ = {isa = PBXFileReference; fileEncoding = 4; lastKnownFileType = sourcecode.swift; path = SpinnerStateManager.swift; sourceTree = "<group>"; };
		0A5BD0F61A3D0C5F00793312 /* ColorAliasTests.swift */ = {isa = PBXFileReference; fileEncoding = 4; lastKnownFileType = sourcecode.swift; path = ColorAliasTests.swift; sourceTree = "<group>"; };
		0A5BD0F91A3D0C9200793312 /* ColorAliases.swift */ = {isa = PBXFileReference; fileEncoding = 4; lastKnownFileType = sourcecode.swift; path = ColorAliases.swift; sourceTree = "<group>"; };
		0A5F12F21A285D1000694C56 /* DimensionsTests.swift */ = {isa = PBXFileReference; fileEncoding = 4; lastKnownFileType = sourcecode.swift; path = DimensionsTests.swift; sourceTree = "<group>"; };
		0A5F12F71A285EB600694C56 /* UIViewDimensions.swift */ = {isa = PBXFileReference; fileEncoding = 4; lastKnownFileType = sourcecode.swift; path = UIViewDimensions.swift; sourceTree = "<group>"; };
		0A63DFDC1B3B4C5100B68DC0 /* LayoutGuideLayoutAttributesTests.swift */ = {isa = PBXFileReference; fileEncoding = 4; lastKnownFileType = sourcecode.swift; path = LayoutGuideLayoutAttributesTests.swift; sourceTree = "<group>"; };
		0A63F7421A3D51F0001FBFF7 /* ColorPaletteTests.swift */ = {isa = PBXFileReference; fileEncoding = 4; lastKnownFileType = sourcecode.swift; path = ColorPaletteTests.swift; sourceTree = "<group>"; };
		0A63F7441A3D59F8001FBFF7 /* ColorPalette.swift */ = {isa = PBXFileReference; fileEncoding = 4; lastKnownFileType = sourcecode.swift; path = ColorPalette.swift; sourceTree = "<group>"; };
		0A63F7471A3E0EA3001FBFF7 /* DynamicAnimatorAdditionSyntaxTests.swift */ = {isa = PBXFileReference; fileEncoding = 4; lastKnownFileType = sourcecode.swift; path = DynamicAnimatorAdditionSyntaxTests.swift; sourceTree = "<group>"; };
		0A63F74A1A3E105D001FBFF7 /* UIDynamicAnimatorAdditionSyntax.swift */ = {isa = PBXFileReference; fileEncoding = 4; lastKnownFileType = sourcecode.swift; path = UIDynamicAnimatorAdditionSyntax.swift; sourceTree = "<group>"; };
		0A63F74D1A3E147B001FBFF7 /* DynamicBehaviorAdditionSyntaxTests.swift */ = {isa = PBXFileReference; fileEncoding = 4; lastKnownFileType = sourcecode.swift; path = DynamicBehaviorAdditionSyntaxTests.swift; sourceTree = "<group>"; };
		0A63F74F1A3E15D9001FBFF7 /* UIDynamicBehaviorAdditionSyntax.swift */ = {isa = PBXFileReference; fileEncoding = 4; lastKnownFileType = sourcecode.swift; path = UIDynamicBehaviorAdditionSyntax.swift; sourceTree = "<group>"; };
		0A67BAD91A22E8E50038D99A /* ViewControllerLayoutAttributesTests.swift */ = {isa = PBXFileReference; fileEncoding = 4; lastKnownFileType = sourcecode.swift; path = ViewControllerLayoutAttributesTests.swift; sourceTree = "<group>"; };
		0A67BADC1A22E8FD0038D99A /* UIViewControllerAutoLayoutAttributes.swift */ = {isa = PBXFileReference; fileEncoding = 4; lastKnownFileType = sourcecode.swift; path = UIViewControllerAutoLayoutAttributes.swift; sourceTree = "<group>"; };
		0A67BADF1A22F0450038D99A /* ConstraintBuilderSyntaxTests.swift */ = {isa = PBXFileReference; fileEncoding = 4; lastKnownFileType = sourcecode.swift; path = ConstraintBuilderSyntaxTests.swift; sourceTree = "<group>"; };
		0A67BAE11A22FF240038D99A /* AutoLayoutSyntax.swift */ = {isa = PBXFileReference; fileEncoding = 4; lastKnownFileType = sourcecode.swift; path = AutoLayoutSyntax.swift; sourceTree = "<group>"; };
		0A754C071A28455F0077DB3A /* ViewDistributionTests.swift */ = {isa = PBXFileReference; fileEncoding = 4; lastKnownFileType = sourcecode.swift; path = ViewDistributionTests.swift; sourceTree = "<group>"; };
		0A754C091A2848100077DB3A /* AutoLayoutViewDistribution.swift */ = {isa = PBXFileReference; fileEncoding = 4; lastKnownFileType = sourcecode.swift; path = AutoLayoutViewDistribution.swift; sourceTree = "<group>"; };
		0A7748DD1AA170A600B434D3 /* ConstraintTranslationTests.swift */ = {isa = PBXFileReference; fileEncoding = 4; lastKnownFileType = sourcecode.swift; path = ConstraintTranslationTests.swift; sourceTree = "<group>"; };
		0A8028021A3421E000816792 /* AlertActionEnablingTests.swift */ = {isa = PBXFileReference; fileEncoding = 4; lastKnownFileType = sourcecode.swift; path = AlertActionEnablingTests.swift; sourceTree = "<group>"; };
		0A8028051A34221E00816792 /* UIAlertActionEnabling.swift */ = {isa = PBXFileReference; fileEncoding = 4; lastKnownFileType = sourcecode.swift; path = UIAlertActionEnabling.swift; sourceTree = "<group>"; };
		0A8028081A34257C00816792 /* BarItemEnablingTests.swift */ = {isa = PBXFileReference; fileEncoding = 4; lastKnownFileType = sourcecode.swift; path = BarItemEnablingTests.swift; sourceTree = "<group>"; };
		0A80280B1A34265A00816792 /* UIBarItemEnabling.swift */ = {isa = PBXFileReference; fileEncoding = 4; lastKnownFileType = sourcecode.swift; path = UIBarItemEnabling.swift; sourceTree = "<group>"; };
		0A8028111A342EEA00816792 /* ControlEnablingTests.swift */ = {isa = PBXFileReference; fileEncoding = 4; lastKnownFileType = sourcecode.swift; path = ControlEnablingTests.swift; sourceTree = "<group>"; };
		0A9032251A3E18EC00D1A713 /* DynamicBehaviorItemAdditionSyntaxTests.swift */ = {isa = PBXFileReference; fileEncoding = 4; lastKnownFileType = sourcecode.swift; path = DynamicBehaviorItemAdditionSyntaxTests.swift; sourceTree = "<group>"; };
		0A9B690D1A05778300F3FFC2 /* ShowHideTests.swift */ = {isa = PBXFileReference; fileEncoding = 4; lastKnownFileType = sourcecode.swift; path = ShowHideTests.swift; sourceTree = "<group>"; };
		0A9B690F1A05799200F3FFC2 /* ViewUtilities.swift */ = {isa = PBXFileReference; fileEncoding = 4; lastKnownFileType = sourcecode.swift; path = ViewUtilities.swift; sourceTree = "<group>"; };
		0AA580581A3D29EB0061D882 /* UIColorRGBComponents.swift */ = {isa = PBXFileReference; fileEncoding = 4; lastKnownFileType = sourcecode.swift; path = UIColorRGBComponents.swift; sourceTree = "<group>"; };
		0AA5805B1A3D2B830061D882 /* UIColorHSBComponents.swift */ = {isa = PBXFileReference; fileEncoding = 4; lastKnownFileType = sourcecode.swift; path = UIColorHSBComponents.swift; sourceTree = "<group>"; };
		0AA5805E1A3D2B960061D882 /* UIColorGrayscaleComponents.swift */ = {isa = PBXFileReference; fileEncoding = 4; lastKnownFileType = sourcecode.swift; path = UIColorGrayscaleComponents.swift; sourceTree = "<group>"; };
		0AC37F8E1A29306C00E1C943 /* AutoLayoutInternal.swift */ = {isa = PBXFileReference; fileEncoding = 4; lastKnownFileType = sourcecode.swift; path = AutoLayoutInternal.swift; sourceTree = "<group>"; };
		0AC37F911A29541C00E1C943 /* MainThreadUpdatesTests.swift */ = {isa = PBXFileReference; fileEncoding = 4; lastKnownFileType = sourcecode.swift; path = MainThreadUpdatesTests.swift; sourceTree = "<group>"; };
		0AC37F941A29595300E1C943 /* Concurrency.swift */ = {isa = PBXFileReference; fileEncoding = 4; lastKnownFileType = sourcecode.swift; path = Concurrency.swift; sourceTree = "<group>"; };
		0AC4A8A91A26C65F00EBCCB8 /* ConstraintApplicationTests.swift */ = {isa = PBXFileReference; fileEncoding = 4; lastKnownFileType = sourcecode.swift; path = ConstraintApplicationTests.swift; sourceTree = "<group>"; };
		0AC4A8AB1A26C80E00EBCCB8 /* NSLayoutConstraintApplication.swift */ = {isa = PBXFileReference; fileEncoding = 4; lastKnownFileType = sourcecode.swift; path = NSLayoutConstraintApplication.swift; sourceTree = "<group>"; };
		0AC4A8B21A27E05600EBCCB8 /* TestingDummy.app */ = {isa = PBXFileReference; explicitFileType = wrapper.application; includeInIndex = 0; path = TestingDummy.app; sourceTree = BUILT_PRODUCTS_DIR; };
		0AC4A8B51A27E05600EBCCB8 /* Info.plist */ = {isa = PBXFileReference; lastKnownFileType = text.plist.xml; path = Info.plist; sourceTree = "<group>"; };
		0AC4A8B61A27E05600EBCCB8 /* AppDelegate.swift */ = {isa = PBXFileReference; lastKnownFileType = sourcecode.swift; path = AppDelegate.swift; sourceTree = "<group>"; };
		0AC4A8B81A27E05600EBCCB8 /* DummyViewController.swift */ = {isa = PBXFileReference; lastKnownFileType = sourcecode.swift; path = DummyViewController.swift; sourceTree = "<group>"; };
		0AC4A8BB1A27E05600EBCCB8 /* Base */ = {isa = PBXFileReference; lastKnownFileType = file.storyboard; name = Base; path = Base.lproj/Main.storyboard; sourceTree = "<group>"; };
		0AC4A8D81A27FCF800EBCCB8 /* ViewAlignmentTests.swift */ = {isa = PBXFileReference; fileEncoding = 4; lastKnownFileType = sourcecode.swift; path = ViewAlignmentTests.swift; sourceTree = "<group>"; };
		0AC4A8DA1A27FE2100EBCCB8 /* AutoLayoutViewAlignment.swift */ = {isa = PBXFileReference; fileEncoding = 4; lastKnownFileType = sourcecode.swift; path = AutoLayoutViewAlignment.swift; sourceTree = "<group>"; };
		0ACADAE41A3A8AB800CF49F8 /* AlertControllerAddableTests.swift */ = {isa = PBXFileReference; fileEncoding = 4; lastKnownFileType = sourcecode.swift; path = AlertControllerAddableTests.swift; sourceTree = "<group>"; };
		0ACADAE61A3A8C6700CF49F8 /* UIAlertControllerAdditionSyntax.swift */ = {isa = PBXFileReference; fileEncoding = 4; lastKnownFileType = sourcecode.swift; path = UIAlertControllerAdditionSyntax.swift; sourceTree = "<group>"; };
		0ACADAE91A3BE42B00CF49F8 /* SwitchStateManagementTests.swift */ = {isa = PBXFileReference; fileEncoding = 4; lastKnownFileType = sourcecode.swift; path = SwitchStateManagementTests.swift; sourceTree = "<group>"; };
		0ACADAEC1A3BE90600CF49F8 /* UISwitchStateManagement.swift */ = {isa = PBXFileReference; fileEncoding = 4; lastKnownFileType = sourcecode.swift; path = UISwitchStateManagement.swift; sourceTree = "<group>"; };
		0ACADAEF1A3BF0E500CF49F8 /* SliderIntervalTests.swift */ = {isa = PBXFileReference; fileEncoding = 4; lastKnownFileType = sourcecode.swift; path = SliderIntervalTests.swift; sourceTree = "<group>"; };
		0ACADAF21A3BF4A500CF49F8 /* UISliderInterval.swift */ = {isa = PBXFileReference; fileEncoding = 4; lastKnownFileType = sourcecode.swift; path = UISliderInterval.swift; sourceTree = "<group>"; };
		0ACADAFE1A3CF48900CF49F8 /* UIKitEnablable.swift */ = {isa = PBXFileReference; fileEncoding = 4; lastKnownFileType = sourcecode.swift; path = UIKitEnablable.swift; sourceTree = "<group>"; };
		0ACADB051A3CF71F00CF49F8 /* UIStepperInterval.swift */ = {isa = PBXFileReference; fileEncoding = 4; lastKnownFileType = sourcecode.swift; path = UIStepperInterval.swift; sourceTree = "<group>"; };
		0ACADB081A3CF74900CF49F8 /* StepperIntervalTests.swift */ = {isa = PBXFileReference; fileEncoding = 4; lastKnownFileType = sourcecode.swift; path = StepperIntervalTests.swift; sourceTree = "<group>"; };
		0ACED16A1AA2D5400073E42C /* UIColorCMYKComponents.swift */ = {isa = PBXFileReference; fileEncoding = 4; lastKnownFileType = sourcecode.swift; path = UIColorCMYKComponents.swift; sourceTree = "<group>"; };
		0ACED16D1AA383A70073E42C /* RGBComponentsTests.swift */ = {isa = PBXFileReference; fileEncoding = 4; lastKnownFileType = sourcecode.swift; path = RGBComponentsTests.swift; sourceTree = "<group>"; };
		0ACED16F1AA384360073E42C /* HSBComponentsTests.swift */ = {isa = PBXFileReference; fileEncoding = 4; lastKnownFileType = sourcecode.swift; path = HSBComponentsTests.swift; sourceTree = "<group>"; };
		0ACED1711AA384420073E42C /* GrayscaleComponentsTests.swift */ = {isa = PBXFileReference; fileEncoding = 4; lastKnownFileType = sourcecode.swift; path = GrayscaleComponentsTests.swift; sourceTree = "<group>"; };
		0ACED1731AA3844D0073E42C /* CMYKComponentsTests.swift */ = {isa = PBXFileReference; fileEncoding = 4; lastKnownFileType = sourcecode.swift; path = CMYKComponentsTests.swift; sourceTree = "<group>"; };
		0ACED1781AA387CD0073E42C /* TestConstants.swift */ = {isa = PBXFileReference; fileEncoding = 4; lastKnownFileType = sourcecode.swift; path = TestConstants.swift; sourceTree = "<group>"; };
		0ACED17C1AA388350073E42C /* ColorTestHelpers.swift */ = {isa = PBXFileReference; fileEncoding = 4; lastKnownFileType = sourcecode.swift; path = ColorTestHelpers.swift; sourceTree = "<group>"; };
		0AD6F2541A34353700D863A2 /* LabelEnablingTests.swift */ = {isa = PBXFileReference; fileEncoding = 4; lastKnownFileType = sourcecode.swift; path = LabelEnablingTests.swift; sourceTree = "<group>"; };
		0AD6F2571A34354400D863A2 /* UILabelEnabling.swift */ = {isa = PBXFileReference; fileEncoding = 4; lastKnownFileType = sourcecode.swift; path = UILabelEnabling.swift; sourceTree = "<group>"; };
		0AD6F25A1A34394000D863A2 /* NSLayoutConstraintActivation.swift */ = {isa = PBXFileReference; fileEncoding = 4; lastKnownFileType = sourcecode.swift; path = NSLayoutConstraintActivation.swift; sourceTree = "<group>"; };
		0AF2A0841A28640D00A5C0F9 /* AutoLayoutDimensions.swift */ = {isa = PBXFileReference; fileEncoding = 4; lastKnownFileType = sourcecode.swift; path = AutoLayoutDimensions.swift; sourceTree = "<group>"; };
		0AF2A0871A28FBC000A5C0F9 /* ConstraintActivationTests.swift */ = {isa = PBXFileReference; fileEncoding = 4; lastKnownFileType = sourcecode.swift; path = ConstraintActivationTests.swift; sourceTree = "<group>"; };
		0AF2A0891A28FFD700A5C0F9 /* AutoLayoutConstraintActivation.swift */ = {isa = PBXFileReference; fileEncoding = 4; lastKnownFileType = sourcecode.swift; path = AutoLayoutConstraintActivation.swift; sourceTree = "<group>"; };
/* End PBXFileReference section */

/* Begin PBXFrameworksBuildPhase section */
		0A3BB97519EB70C70075B32A /* Frameworks */ = {
			isa = PBXFrameworksBuildPhase;
			buildActionMask = 2147483647;
			files = (
			);
			runOnlyForDeploymentPostprocessing = 0;
		};
		0A3BB98119EB70C70075B32A /* Frameworks */ = {
			isa = PBXFrameworksBuildPhase;
			buildActionMask = 2147483647;
			files = (
				0A3BB98519EB70C70075B32A /* UIKitSwagger.framework in Frameworks */,
			);
			runOnlyForDeploymentPostprocessing = 0;
		};
		0AC4A8AF1A27E05600EBCCB8 /* Frameworks */ = {
			isa = PBXFrameworksBuildPhase;
			buildActionMask = 2147483647;
			files = (
			);
			runOnlyForDeploymentPostprocessing = 0;
		};
/* End PBXFrameworksBuildPhase section */

/* Begin PBXGroup section */
		0A21DC421A343018005FFC4E /* Control */ = {
			isa = PBXGroup;
			children = (
				0A21DC431A343018005FFC4E /* UIControlEnabling.swift */,
			);
			path = Control;
			sourceTree = "<group>";
		};
		0A21DC461A343174005FFC4E /* Gesture Recognizer */ = {
			isa = PBXGroup;
			children = (
				0A21DC471A343174005FFC4E /* UIGestureRecognizerEnabling.swift */,
			);
			path = "Gesture Recognizer";
			sourceTree = "<group>";
		};
		0A3BB96F19EB70C70075B32A = {
			isa = PBXGroup;
			children = (
				0AC4A8B31A27E05600EBCCB8 /* TestingDummy */,
				0A3BB97B19EB70C70075B32A /* UIKitSwagger */,
				0A3BB98819EB70C70075B32A /* UIKitSwaggerTests */,
				0A3BB97A19EB70C70075B32A /* Products */,
			);
			sourceTree = "<group>";
		};
		0A3BB97A19EB70C70075B32A /* Products */ = {
			isa = PBXGroup;
			children = (
				0A3BB97919EB70C70075B32A /* UIKitSwagger.framework */,
				0A3BB98419EB70C70075B32A /* UIKitSwaggerTests.xctest */,
				0AC4A8B21A27E05600EBCCB8 /* TestingDummy.app */,
			);
			name = Products;
			sourceTree = "<group>";
		};
		0A3BB97B19EB70C70075B32A /* UIKitSwagger */ = {
			isa = PBXGroup;
			children = (
				0A8028041A3421FF00816792 /* Alert */,
				0A3BB99E19EB71F00075B32A /* AutoLayout */,
				0A80280A1A34264000816792 /* Bar Item */,
				0A5BD0F81A3D0C7D00793312 /* Color */,
				0ACADAFD1A3CF48900CF49F8 /* Common */,
				0AC37F931A29594000E1C943 /* Concurrency */,
				0A21DC421A343018005FFC4E /* Control */,
				0A63F7491A3E102C001FBFF7 /* Dynamics */,
				0A21DC461A343174005FFC4E /* Gesture Recognizer */,
				0AD6F2561A34354400D863A2 /* Label */,
				0ACADAF11A3BF47B00CF49F8 /* Slider */,
				0A5A29791A73367C003CB7EE /* Spinner */,
				0ACADB041A3CF71F00CF49F8 /* Stepper */,
				0A3BB97C19EB70C70075B32A /* Supporting Files */,
				0ACADAEB1A3BE8F400CF49F8 /* Switch */,
				0A3BB97E19EB70C70075B32A /* UIKitSwagger.h */,
				0A3BB9A019EB71F00075B32A /* View */,
				0A67BADB1A22E8FD0038D99A /* View Controller */,
			);
			path = UIKitSwagger;
			sourceTree = "<group>";
		};
		0A3BB97C19EB70C70075B32A /* Supporting Files */ = {
			isa = PBXGroup;
			children = (
				0A3BB97D19EB70C70075B32A /* Info.plist */,
			);
			name = "Supporting Files";
			sourceTree = "<group>";
		};
		0A3BB98819EB70C70075B32A /* UIKitSwaggerTests */ = {
			isa = PBXGroup;
			children = (
				0ACED1771AA387CD0073E42C /* Common */,
				0A3BB98919EB70C70075B32A /* Supporting Files */,
				0A3BB99519EB71240075B32A /* Tests */,
			);
			path = UIKitSwaggerTests;
			sourceTree = "<group>";
		};
		0A3BB98919EB70C70075B32A /* Supporting Files */ = {
			isa = PBXGroup;
			children = (
				0A3BB98A19EB70C70075B32A /* Info.plist */,
			);
			name = "Supporting Files";
			sourceTree = "<group>";
		};
		0A3BB99519EB71240075B32A /* Tests */ = {
			isa = PBXGroup;
			children = (
				0A8028021A3421E000816792 /* AlertActionEnablingTests.swift */,
				0ACADAE41A3A8AB800CF49F8 /* AlertControllerAddableTests.swift */,
				0A8028081A34257C00816792 /* BarItemEnablingTests.swift */,
				0ACED1731AA3844D0073E42C /* CMYKComponentsTests.swift */,
				0A5BD0F61A3D0C5F00793312 /* ColorAliasTests.swift */,
				0A10F28C1A3D147700715C7A /* ColorComponentConversionTests.swift */,
				0A63F7421A3D51F0001FBFF7 /* ColorPaletteTests.swift */,
				0AF2A0871A28FBC000A5C0F9 /* ConstraintActivationTests.swift */,
				0AC4A8A91A26C65F00EBCCB8 /* ConstraintApplicationTests.swift */,
				0A67BADF1A22F0450038D99A /* ConstraintBuilderSyntaxTests.swift */,
				0A3BB99619EB71740075B32A /* ConstraintComparisonTests.swift */,
				0A3BB99719EB71740075B32A /* ConstraintReversalTests.swift */,
				0A3BB99819EB71740075B32A /* ConstraintSearchTests.swift */,
				0A7748DD1AA170A600B434D3 /* ConstraintTranslationTests.swift */,
				0A8028111A342EEA00816792 /* ControlEnablingTests.swift */,
				0A5F12F21A285D1000694C56 /* DimensionsTests.swift */,
				0A63F7471A3E0EA3001FBFF7 /* DynamicAnimatorAdditionSyntaxTests.swift */,
				0A63F74D1A3E147B001FBFF7 /* DynamicBehaviorAdditionSyntaxTests.swift */,
				0A9032251A3E18EC00D1A713 /* DynamicBehaviorItemAdditionSyntaxTests.swift */,
				0A21DC491A3431C9005FFC4E /* GestureRecognizerEnablingTests.swift */,
				0ACED1711AA384420073E42C /* GrayscaleComponentsTests.swift */,
				0ACED16F1AA384360073E42C /* HSBComponentsTests.swift */,
				0AD6F2541A34353700D863A2 /* LabelEnablingTests.swift */,
				0A63DFDC1B3B4C5100B68DC0 /* LayoutGuideLayoutAttributesTests.swift */,
				0AC37F911A29541C00E1C943 /* MainThreadUpdatesTests.swift */,
				0ACED16D1AA383A70073E42C /* RGBComponentsTests.swift */,
				0A9B690D1A05778300F3FFC2 /* ShowHideTests.swift */,
				0ACADAEF1A3BF0E500CF49F8 /* SliderIntervalTests.swift */,
				0A5A29771A73351D003CB7EE /* SpinnerStateManagerTests.swift */,
				0ACADB081A3CF74900CF49F8 /* StepperIntervalTests.swift */,
				0ACADAE91A3BE42B00CF49F8 /* SwitchStateManagementTests.swift */,
				0A23126B1A32826700BE92BE /* ViewAddableSyntaxTests.swift */,
				0AC4A8D81A27FCF800EBCCB8 /* ViewAlignmentTests.swift */,
				0A67BAD91A22E8E50038D99A /* ViewControllerLayoutAttributesTests.swift */,
				0A754C071A28455F0077DB3A /* ViewDistributionTests.swift */,
				0A3BB99919EB71740075B32A /* ViewHierarchyTests.swift */,
				0A4CF4491A22E24A00D6F4F8 /* ViewLayoutAttributesTests.swift */,
			);
			path = Tests;
			sourceTree = "<group>";
		};
		0A3BB99E19EB71F00075B32A /* AutoLayout */ = {
			isa = PBXGroup;
			children = (
				0A4CF44D1A22E35B00D6F4F8 /* AutoLayoutAttributable.swift */,
				0AF2A0891A28FFD700A5C0F9 /* AutoLayoutConstraintActivation.swift */,
				0AF2A0841A28640D00A5C0F9 /* AutoLayoutDimensions.swift */,
				0AC37F8E1A29306C00E1C943 /* AutoLayoutInternal.swift */,
				0A67BAE11A22FF240038D99A /* AutoLayoutSyntax.swift */,
				0AC4A8DA1A27FE2100EBCCB8 /* AutoLayoutViewAlignment.swift */,
				0A754C091A2848100077DB3A /* AutoLayoutViewDistribution.swift */,
				0AD6F25A1A34394000D863A2 /* NSLayoutConstraintActivation.swift */,
				0AC4A8AB1A26C80E00EBCCB8 /* NSLayoutConstraintApplication.swift */,
				0A3BB99F19EB71F00075B32A /* NSLayoutConstraintComparison.swift */,
				0A52547A1B34CF1600BC39DC /* NSLayoutConstraintReversal.swift */,
				0A3BB9AA19EB740F0075B32A /* NSLayoutConstraintSearch.swift */,
			);
			path = AutoLayout;
			sourceTree = "<group>";
		};
		0A3BB9A019EB71F00075B32A /* View */ = {
			isa = PBXGroup;
			children = (
				0A2312681A327F4F00BE92BE /* UIViewAdditionSyntax.swift */,
				0A4CF44B1A22E32200D6F4F8 /* UIViewAutoLayoutAttributes.swift */,
				0A3F1B4D1A4112F500195B8F /* UIViewConstraintApplication.swift */,
				0A3BB9A119EB71F00075B32A /* UIViewConstraintSearch.swift */,
				0A5F12F71A285EB600694C56 /* UIViewDimensions.swift */,
				0A3BB9AD19EB74DF0075B32A /* UIViewHierarchy.swift */,
				0A9B690F1A05799200F3FFC2 /* ViewUtilities.swift */,
			);
			path = View;
			sourceTree = "<group>";
		};
		0A5A29791A73367C003CB7EE /* Spinner */ = {
			isa = PBXGroup;
			children = (
				0A5A297A1A73368B003CB7EE /* SpinnerStateManager.swift */,
			);
			path = Spinner;
			sourceTree = "<group>";
		};
		0A5BD0F81A3D0C7D00793312 /* Color */ = {
			isa = PBXGroup;
			children = (
				0A5BD0F91A3D0C9200793312 /* ColorAliases.swift */,
				0A63F7441A3D59F8001FBFF7 /* ColorPalette.swift */,
				0ACED16A1AA2D5400073E42C /* UIColorCMYKComponents.swift */,
				0A10F28E1A3D16E600715C7A /* UIColorComponents.swift */,
				0AA5805E1A3D2B960061D882 /* UIColorGrayscaleComponents.swift */,
				0AA5805B1A3D2B830061D882 /* UIColorHSBComponents.swift */,
				0AA580581A3D29EB0061D882 /* UIColorRGBComponents.swift */,
			);
			path = Color;
			sourceTree = "<group>";
		};
		0A63F7491A3E102C001FBFF7 /* Dynamics */ = {
			isa = PBXGroup;
			children = (
				0A63F74A1A3E105D001FBFF7 /* UIDynamicAnimatorAdditionSyntax.swift */,
				0A63F74F1A3E15D9001FBFF7 /* UIDynamicBehaviorAdditionSyntax.swift */,
				0A0E3C8D1A3E42DC00E4AC29 /* UIDynamicBehaviorItemAdditionSyntax.swift */,
			);
			path = Dynamics;
			sourceTree = "<group>";
		};
		0A67BADB1A22E8FD0038D99A /* View Controller */ = {
			isa = PBXGroup;
			children = (
				0A67BADC1A22E8FD0038D99A /* UIViewControllerAutoLayoutAttributes.swift */,
			);
			path = "View Controller";
			sourceTree = "<group>";
		};
		0A8028041A3421FF00816792 /* Alert */ = {
			isa = PBXGroup;
			children = (
				0A8028051A34221E00816792 /* UIAlertActionEnabling.swift */,
				0ACADAE61A3A8C6700CF49F8 /* UIAlertControllerAdditionSyntax.swift */,
			);
			path = Alert;
			sourceTree = "<group>";
		};
		0A80280A1A34264000816792 /* Bar Item */ = {
			isa = PBXGroup;
			children = (
				0A80280B1A34265A00816792 /* UIBarItemEnabling.swift */,
			);
			path = "Bar Item";
			sourceTree = "<group>";
		};
		0AC37F931A29594000E1C943 /* Concurrency */ = {
			isa = PBXGroup;
			children = (
				0AC37F941A29595300E1C943 /* Concurrency.swift */,
			);
			path = Concurrency;
			sourceTree = "<group>";
		};
		0AC4A8B31A27E05600EBCCB8 /* TestingDummy */ = {
			isa = PBXGroup;
			children = (
				0AC4A8B61A27E05600EBCCB8 /* AppDelegate.swift */,
				0AC4A8B81A27E05600EBCCB8 /* DummyViewController.swift */,
				0AC4A8B51A27E05600EBCCB8 /* Info.plist */,
				0AC4A8BA1A27E05600EBCCB8 /* Main.storyboard */,
			);
			path = TestingDummy;
			sourceTree = "<group>";
		};
		0ACADAEB1A3BE8F400CF49F8 /* Switch */ = {
			isa = PBXGroup;
			children = (
				0ACADAEC1A3BE90600CF49F8 /* UISwitchStateManagement.swift */,
			);
			path = Switch;
			sourceTree = "<group>";
		};
		0ACADAF11A3BF47B00CF49F8 /* Slider */ = {
			isa = PBXGroup;
			children = (
				0ACADAF21A3BF4A500CF49F8 /* UISliderInterval.swift */,
			);
			path = Slider;
			sourceTree = "<group>";
		};
		0ACADAFD1A3CF48900CF49F8 /* Common */ = {
			isa = PBXGroup;
			children = (
				0ACADAFE1A3CF48900CF49F8 /* UIKitEnablable.swift */,
			);
			path = Common;
			sourceTree = "<group>";
		};
		0ACADB041A3CF71F00CF49F8 /* Stepper */ = {
			isa = PBXGroup;
			children = (
				0ACADB051A3CF71F00CF49F8 /* UIStepperInterval.swift */,
			);
			path = Stepper;
			sourceTree = "<group>";
		};
		0ACED1771AA387CD0073E42C /* Common */ = {
			isa = PBXGroup;
			children = (
				0ACED17C1AA388350073E42C /* ColorTestHelpers.swift */,
				0ACED1781AA387CD0073E42C /* TestConstants.swift */,
			);
			path = Common;
			sourceTree = "<group>";
		};
		0AD6F2561A34354400D863A2 /* Label */ = {
			isa = PBXGroup;
			children = (
				0AD6F2571A34354400D863A2 /* UILabelEnabling.swift */,
			);
			path = Label;
			sourceTree = "<group>";
		};
/* End PBXGroup section */

/* Begin PBXHeadersBuildPhase section */
		0A3BB97619EB70C70075B32A /* Headers */ = {
			isa = PBXHeadersBuildPhase;
			buildActionMask = 2147483647;
			files = (
				0A3BB97F19EB70C70075B32A /* UIKitSwagger.h in Headers */,
			);
			runOnlyForDeploymentPostprocessing = 0;
		};
/* End PBXHeadersBuildPhase section */

/* Begin PBXNativeTarget section */
		0A3BB97819EB70C70075B32A /* UIKitSwagger */ = {
			isa = PBXNativeTarget;
			buildConfigurationList = 0A3BB98F19EB70C70075B32A /* Build configuration list for PBXNativeTarget "UIKitSwagger" */;
			buildPhases = (
				0A3BB97419EB70C70075B32A /* Sources */,
				0A3BB97519EB70C70075B32A /* Frameworks */,
				0A3BB97619EB70C70075B32A /* Headers */,
				0A3BB97719EB70C70075B32A /* Resources */,
			);
			buildRules = (
			);
			dependencies = (
			);
			name = UIKitSwagger;
			productName = UIKitSwagger;
			productReference = 0A3BB97919EB70C70075B32A /* UIKitSwagger.framework */;
			productType = "com.apple.product-type.framework";
		};
		0A3BB98319EB70C70075B32A /* UIKitSwaggerTests */ = {
			isa = PBXNativeTarget;
			buildConfigurationList = 0A3BB99219EB70C70075B32A /* Build configuration list for PBXNativeTarget "UIKitSwaggerTests" */;
			buildPhases = (
				0A3BB98019EB70C70075B32A /* Sources */,
				0A3BB98119EB70C70075B32A /* Frameworks */,
				0A3BB98219EB70C70075B32A /* Resources */,
			);
			buildRules = (
			);
			dependencies = (
				0A3BB98719EB70C70075B32A /* PBXTargetDependency */,
				0AC4A8D51A27E09800EBCCB8 /* PBXTargetDependency */,
			);
			name = UIKitSwaggerTests;
			productName = UIKitSwaggerTests;
			productReference = 0A3BB98419EB70C70075B32A /* UIKitSwaggerTests.xctest */;
			productType = "com.apple.product-type.bundle.unit-test";
		};
		0AC4A8B11A27E05600EBCCB8 /* TestingDummy */ = {
			isa = PBXNativeTarget;
			buildConfigurationList = 0AC4A8D21A27E05600EBCCB8 /* Build configuration list for PBXNativeTarget "TestingDummy" */;
			buildPhases = (
				0AC4A8AE1A27E05600EBCCB8 /* Sources */,
				0AC4A8AF1A27E05600EBCCB8 /* Frameworks */,
				0AC4A8B01A27E05600EBCCB8 /* Resources */,
			);
			buildRules = (
			);
			dependencies = (
			);
			name = TestingDummy;
			productName = TestingDummy;
			productReference = 0AC4A8B21A27E05600EBCCB8 /* TestingDummy.app */;
			productType = "com.apple.product-type.application";
		};
/* End PBXNativeTarget section */

/* Begin PBXProject section */
		0A3BB97019EB70C70075B32A /* Project object */ = {
			isa = PBXProject;
			attributes = {
				LastSwiftUpdateCheck = 0700;
				LastUpgradeCheck = 0700;
				ORGANIZATIONNAME = "Swagger Soft";
				TargetAttributes = {
					0A3BB97819EB70C70075B32A = {
						CreatedOnToolsVersion = 6.1;
					};
					0A3BB98319EB70C70075B32A = {
						CreatedOnToolsVersion = 6.1;
						TestTargetID = 0AC4A8B11A27E05600EBCCB8;
					};
					0AC4A8B11A27E05600EBCCB8 = {
						CreatedOnToolsVersion = 6.2;
					};
				};
			};
			buildConfigurationList = 0A3BB97319EB70C70075B32A /* Build configuration list for PBXProject "UIKitSwagger" */;
			compatibilityVersion = "Xcode 3.2";
			developmentRegion = English;
			hasScannedForEncodings = 0;
			knownRegions = (
				en,
				Base,
			);
			mainGroup = 0A3BB96F19EB70C70075B32A;
			productRefGroup = 0A3BB97A19EB70C70075B32A /* Products */;
			projectDirPath = "";
			projectRoot = "";
			targets = (
				0A3BB97819EB70C70075B32A /* UIKitSwagger */,
				0A3BB98319EB70C70075B32A /* UIKitSwaggerTests */,
				0AC4A8B11A27E05600EBCCB8 /* TestingDummy */,
			);
		};
/* End PBXProject section */

/* Begin PBXResourcesBuildPhase section */
		0A3BB97719EB70C70075B32A /* Resources */ = {
			isa = PBXResourcesBuildPhase;
			buildActionMask = 2147483647;
			files = (
			);
			runOnlyForDeploymentPostprocessing = 0;
		};
		0A3BB98219EB70C70075B32A /* Resources */ = {
			isa = PBXResourcesBuildPhase;
			buildActionMask = 2147483647;
			files = (
			);
			runOnlyForDeploymentPostprocessing = 0;
		};
		0AC4A8B01A27E05600EBCCB8 /* Resources */ = {
			isa = PBXResourcesBuildPhase;
			buildActionMask = 2147483647;
			files = (
				0AC4A8BC1A27E05600EBCCB8 /* Main.storyboard in Resources */,
			);
			runOnlyForDeploymentPostprocessing = 0;
		};
/* End PBXResourcesBuildPhase section */

/* Begin PBXSourcesBuildPhase section */
		0A3BB97419EB70C70075B32A /* Sources */ = {
			isa = PBXSourcesBuildPhase;
			buildActionMask = 2147483647;
			files = (
				0A80280C1A34265A00816792 /* UIBarItemEnabling.swift in Sources */,
				0ACED1811AA41EE10073E42C /* UIColorCMYKComponents.swift in Sources */,
				0AC4A8AC1A26C80E00EBCCB8 /* NSLayoutConstraintApplication.swift in Sources */,
				0ACADB061A3CF71F00CF49F8 /* UIStepperInterval.swift in Sources */,
				0A3BB9A319EB71F00075B32A /* UIViewConstraintSearch.swift in Sources */,
				0AA5805F1A3D2B960061D882 /* UIColorGrayscaleComponents.swift in Sources */,
				0ACADAFF1A3CF48900CF49F8 /* UIKitEnablable.swift in Sources */,
				0A4CF44E1A22E35B00D6F4F8 /* AutoLayoutAttributable.swift in Sources */,
				0A5A297B1A73368B003CB7EE /* SpinnerStateManager.swift in Sources */,
				0AC37F951A29595300E1C943 /* Concurrency.swift in Sources */,
				0AF2A0851A28640D00A5C0F9 /* AutoLayoutDimensions.swift in Sources */,
				0A9B69101A05799200F3FFC2 /* ViewUtilities.swift in Sources */,
				0AF2A08A1A28FFD700A5C0F9 /* AutoLayoutConstraintActivation.swift in Sources */,
				0A4CF44C1A22E32200D6F4F8 /* UIViewAutoLayoutAttributes.swift in Sources */,
				0A52547B1B34CF1600BC39DC /* NSLayoutConstraintReversal.swift in Sources */,
				0AC37F8F1A29306C00E1C943 /* AutoLayoutInternal.swift in Sources */,
				0A0E3C8E1A3E42DC00E4AC29 /* UIDynamicBehaviorItemAdditionSyntax.swift in Sources */,
				0AD6F25B1A34394000D863A2 /* NSLayoutConstraintActivation.swift in Sources */,
				0A8028061A34221E00816792 /* UIAlertActionEnabling.swift in Sources */,
				0AC4A8DB1A27FE2100EBCCB8 /* AutoLayoutViewAlignment.swift in Sources */,
				0A3BB9A219EB71F00075B32A /* NSLayoutConstraintComparison.swift in Sources */,
				0ACADAE71A3A8C6700CF49F8 /* UIAlertControllerAdditionSyntax.swift in Sources */,
				0AD6F2581A34354400D863A2 /* UILabelEnabling.swift in Sources */,
				0A5F12F81A285EB600694C56 /* UIViewDimensions.swift in Sources */,
				0AA580591A3D29EB0061D882 /* UIColorRGBComponents.swift in Sources */,
				0A67BAE21A22FF240038D99A /* AutoLayoutSyntax.swift in Sources */,
				0ACADAF31A3BF4A500CF49F8 /* UISliderInterval.swift in Sources */,
				0A67BADD1A22E8FD0038D99A /* UIViewControllerAutoLayoutAttributes.swift in Sources */,
				0A3F1B4E1A4112F500195B8F /* UIViewConstraintApplication.swift in Sources */,
				0A10F28F1A3D16E600715C7A /* UIColorComponents.swift in Sources */,
				0A5BD0FA1A3D0C9200793312 /* ColorAliases.swift in Sources */,
				0A63F7501A3E15D9001FBFF7 /* UIDynamicBehaviorAdditionSyntax.swift in Sources */,
				0A21DC441A343018005FFC4E /* UIControlEnabling.swift in Sources */,
				0A3BB9AE19EB74DF0075B32A /* UIViewHierarchy.swift in Sources */,
				0ACADAED1A3BE90600CF49F8 /* UISwitchStateManagement.swift in Sources */,
				0A63F74B1A3E105D001FBFF7 /* UIDynamicAnimatorAdditionSyntax.swift in Sources */,
				0A21DC481A343174005FFC4E /* UIGestureRecognizerEnabling.swift in Sources */,
				0A63F7451A3D59F8001FBFF7 /* ColorPalette.swift in Sources */,
				0A2312691A327F4F00BE92BE /* UIViewAdditionSyntax.swift in Sources */,
				0A754C0A1A2848100077DB3A /* AutoLayoutViewDistribution.swift in Sources */,
				0AA5805C1A3D2B830061D882 /* UIColorHSBComponents.swift in Sources */,
				0A3BB9AB19EB740F0075B32A /* NSLayoutConstraintSearch.swift in Sources */,
			);
			runOnlyForDeploymentPostprocessing = 0;
		};
		0A3BB98019EB70C70075B32A /* Sources */ = {
			isa = PBXSourcesBuildPhase;
			buildActionMask = 2147483647;
			files = (
				0A8028131A342EEA00816792 /* ControlEnablingTests.swift in Sources */,
				0ACADB0A1A3CF74900CF49F8 /* StepperIntervalTests.swift in Sources */,
				0A3BB99B19EB71740075B32A /* ConstraintReversalTests.swift in Sources */,
				0A754C081A28455F0077DB3A /* ViewDistributionTests.swift in Sources */,
				0ACED1791AA387CD0073E42C /* TestConstants.swift in Sources */,
				0A67BAE01A22F0450038D99A /* ConstraintBuilderSyntaxTests.swift in Sources */,
				0ACED17F1AA3E4E10073E42C /* RGBComponentsTests.swift in Sources */,
				0ACADAF01A3BF0E500CF49F8 /* SliderIntervalTests.swift in Sources */,
				0A10F28D1A3D147700715C7A /* ColorComponentConversionTests.swift in Sources */,
				0A21DC4A1A3431C9005FFC4E /* GestureRecognizerEnablingTests.swift in Sources */,
				0ACED17D1AA388350073E42C /* ColorTestHelpers.swift in Sources */,
				0A9032261A3E18EC00D1A713 /* DynamicBehaviorItemAdditionSyntaxTests.swift in Sources */,
				0ACADAE51A3A8AB800CF49F8 /* AlertControllerAddableTests.swift in Sources */,
				0A3BB99C19EB71740075B32A /* ConstraintSearchTests.swift in Sources */,
				0A23126C1A32826700BE92BE /* ViewAddableSyntaxTests.swift in Sources */,
				0ACED1721AA384420073E42C /* GrayscaleComponentsTests.swift in Sources */,
				0AF2A0881A28FBC000A5C0F9 /* ConstraintActivationTests.swift in Sources */,
				0A3BB99D19EB71740075B32A /* ViewHierarchyTests.swift in Sources */,
				0A5F12F31A285D1000694C56 /* DimensionsTests.swift in Sources */,
				0ACADAEA1A3BE42B00CF49F8 /* SwitchStateManagementTests.swift in Sources */,
				0A7748DE1AA170A600B434D3 /* ConstraintTranslationTests.swift in Sources */,
				0A5BD0F71A3D0C5F00793312 /* ColorAliasTests.swift in Sources */,
				0AD6F2551A34353700D863A2 /* LabelEnablingTests.swift in Sources */,
				0AC37F921A29541C00E1C943 /* MainThreadUpdatesTests.swift in Sources */,
				0A63F74E1A3E147B001FBFF7 /* DynamicBehaviorAdditionSyntaxTests.swift in Sources */,
				0A9B690E1A05778300F3FFC2 /* ShowHideTests.swift in Sources */,
				0ACED1701AA384360073E42C /* HSBComponentsTests.swift in Sources */,
				0A3BB99A19EB71740075B32A /* ConstraintComparisonTests.swift in Sources */,
				0A5A29781A73351D003CB7EE /* SpinnerStateManagerTests.swift in Sources */,
				0A67BADA1A22E8E50038D99A /* ViewControllerLayoutAttributesTests.swift in Sources */,
				0ACED1801AA3E8A40073E42C /* CMYKComponentsTests.swift in Sources */,
				0AC4A8D91A27FCF800EBCCB8 /* ViewAlignmentTests.swift in Sources */,
				0A63F7431A3D51F0001FBFF7 /* ColorPaletteTests.swift in Sources */,
				0A8028031A3421E000816792 /* AlertActionEnablingTests.swift in Sources */,
				0A63F7481A3E0EA3001FBFF7 /* DynamicAnimatorAdditionSyntaxTests.swift in Sources */,
				0A63DFDD1B3B4C5100B68DC0 /* LayoutGuideLayoutAttributesTests.swift in Sources */,
				0A4CF44A1A22E24A00D6F4F8 /* ViewLayoutAttributesTests.swift in Sources */,
				0A8028091A34257C00816792 /* BarItemEnablingTests.swift in Sources */,
				0AC4A8AA1A26C65F00EBCCB8 /* ConstraintApplicationTests.swift in Sources */,
			);
			runOnlyForDeploymentPostprocessing = 0;
		};
		0AC4A8AE1A27E05600EBCCB8 /* Sources */ = {
			isa = PBXSourcesBuildPhase;
			buildActionMask = 2147483647;
			files = (
				0AC4A8B91A27E05600EBCCB8 /* DummyViewController.swift in Sources */,
				0AC4A8B71A27E05600EBCCB8 /* AppDelegate.swift in Sources */,
			);
			runOnlyForDeploymentPostprocessing = 0;
		};
/* End PBXSourcesBuildPhase section */

/* Begin PBXTargetDependency section */
		0A3BB98719EB70C70075B32A /* PBXTargetDependency */ = {
			isa = PBXTargetDependency;
			target = 0A3BB97819EB70C70075B32A /* UIKitSwagger */;
			targetProxy = 0A3BB98619EB70C70075B32A /* PBXContainerItemProxy */;
		};
		0AC4A8D51A27E09800EBCCB8 /* PBXTargetDependency */ = {
			isa = PBXTargetDependency;
			target = 0AC4A8B11A27E05600EBCCB8 /* TestingDummy */;
			targetProxy = 0AC4A8D41A27E09800EBCCB8 /* PBXContainerItemProxy */;
		};
/* End PBXTargetDependency section */

/* Begin PBXVariantGroup section */
		0AC4A8BA1A27E05600EBCCB8 /* Main.storyboard */ = {
			isa = PBXVariantGroup;
			children = (
				0AC4A8BB1A27E05600EBCCB8 /* Base */,
			);
			name = Main.storyboard;
			sourceTree = "<group>";
		};
/* End PBXVariantGroup section */

/* Begin XCBuildConfiguration section */
		0A3BB98D19EB70C70075B32A /* Debug */ = {
			isa = XCBuildConfiguration;
			buildSettings = {
				ALWAYS_SEARCH_USER_PATHS = NO;
				CLANG_CXX_LANGUAGE_STANDARD = "gnu++0x";
				CLANG_CXX_LIBRARY = "libc++";
				CLANG_ENABLE_MODULES = YES;
				CLANG_ENABLE_OBJC_ARC = YES;
				CLANG_WARN_BOOL_CONVERSION = YES;
				CLANG_WARN_CONSTANT_CONVERSION = YES;
				CLANG_WARN_DIRECT_OBJC_ISA_USAGE = YES_ERROR;
				CLANG_WARN_EMPTY_BODY = YES;
				CLANG_WARN_ENUM_CONVERSION = YES;
				CLANG_WARN_INT_CONVERSION = YES;
				CLANG_WARN_OBJC_ROOT_CLASS = YES_ERROR;
				CLANG_WARN_UNREACHABLE_CODE = YES;
				CLANG_WARN__DUPLICATE_METHOD_MATCH = YES;
				"CODE_SIGN_IDENTITY[sdk=iphoneos*]" = "iPhone Developer";
				COPY_PHASE_STRIP = NO;
				CURRENT_PROJECT_VERSION = 1;
				ENABLE_STRICT_OBJC_MSGSEND = YES;
				ENABLE_TESTABILITY = YES;
				GCC_C_LANGUAGE_STANDARD = gnu99;
				GCC_DYNAMIC_NO_PIC = NO;
				GCC_OPTIMIZATION_LEVEL = 0;
				GCC_PREPROCESSOR_DEFINITIONS = (
					"DEBUG=1",
					"$(inherited)",
				);
				GCC_SYMBOLS_PRIVATE_EXTERN = NO;
				GCC_WARN_64_TO_32_BIT_CONVERSION = YES;
				GCC_WARN_ABOUT_RETURN_TYPE = YES_ERROR;
				GCC_WARN_UNDECLARED_SELECTOR = YES;
				GCC_WARN_UNINITIALIZED_AUTOS = YES_AGGRESSIVE;
				GCC_WARN_UNUSED_FUNCTION = YES;
				GCC_WARN_UNUSED_VARIABLE = YES;
				IPHONEOS_DEPLOYMENT_TARGET = 9.0;
				MTL_ENABLE_DEBUG_INFO = YES;
				ONLY_ACTIVE_ARCH = YES;
				SDKROOT = iphoneos;
				SWIFT_OPTIMIZATION_LEVEL = "-Onone";
				TARGETED_DEVICE_FAMILY = "1,2";
				VERSIONING_SYSTEM = "apple-generic";
				VERSION_INFO_PREFIX = "";
			};
			name = Debug;
		};
		0A3BB98E19EB70C70075B32A /* Release */ = {
			isa = XCBuildConfiguration;
			buildSettings = {
				ALWAYS_SEARCH_USER_PATHS = NO;
				CLANG_CXX_LANGUAGE_STANDARD = "gnu++0x";
				CLANG_CXX_LIBRARY = "libc++";
				CLANG_ENABLE_MODULES = YES;
				CLANG_ENABLE_OBJC_ARC = YES;
				CLANG_WARN_BOOL_CONVERSION = YES;
				CLANG_WARN_CONSTANT_CONVERSION = YES;
				CLANG_WARN_DIRECT_OBJC_ISA_USAGE = YES_ERROR;
				CLANG_WARN_EMPTY_BODY = YES;
				CLANG_WARN_ENUM_CONVERSION = YES;
				CLANG_WARN_INT_CONVERSION = YES;
				CLANG_WARN_OBJC_ROOT_CLASS = YES_ERROR;
				CLANG_WARN_UNREACHABLE_CODE = YES;
				CLANG_WARN__DUPLICATE_METHOD_MATCH = YES;
				"CODE_SIGN_IDENTITY[sdk=iphoneos*]" = "iPhone Developer";
				COPY_PHASE_STRIP = YES;
				CURRENT_PROJECT_VERSION = 1;
				ENABLE_NS_ASSERTIONS = NO;
				ENABLE_STRICT_OBJC_MSGSEND = YES;
				GCC_C_LANGUAGE_STANDARD = gnu99;
				GCC_WARN_64_TO_32_BIT_CONVERSION = YES;
				GCC_WARN_ABOUT_RETURN_TYPE = YES_ERROR;
				GCC_WARN_UNDECLARED_SELECTOR = YES;
				GCC_WARN_UNINITIALIZED_AUTOS = YES_AGGRESSIVE;
				GCC_WARN_UNUSED_FUNCTION = YES;
				GCC_WARN_UNUSED_VARIABLE = YES;
				IPHONEOS_DEPLOYMENT_TARGET = 9.0;
				MTL_ENABLE_DEBUG_INFO = NO;
				SDKROOT = iphoneos;
				TARGETED_DEVICE_FAMILY = "1,2";
				VALIDATE_PRODUCT = YES;
				VERSIONING_SYSTEM = "apple-generic";
				VERSION_INFO_PREFIX = "";
			};
			name = Release;
		};
		0A3BB99019EB70C70075B32A /* Debug */ = {
			isa = XCBuildConfiguration;
			buildSettings = {
				DEFINES_MODULE = YES;
				DYLIB_COMPATIBILITY_VERSION = 1;
				DYLIB_CURRENT_VERSION = 1;
				DYLIB_INSTALL_NAME_BASE = "@rpath";
				INFOPLIST_FILE = UIKitSwagger/Info.plist;
				INSTALL_PATH = "$(LOCAL_LIBRARY_DIR)/Frameworks";
				IPHONEOS_DEPLOYMENT_TARGET = 9.0;
				LD_RUNPATH_SEARCH_PATHS = "$(inherited) @executable_path/Frameworks @loader_path/Frameworks";
				PRODUCT_BUNDLE_IDENTIFIER = "com.samodom.$(PRODUCT_NAME:rfc1034identifier)";
				PRODUCT_NAME = "$(TARGET_NAME)";
				SKIP_INSTALL = YES;
			};
			name = Debug;
		};
		0A3BB99119EB70C70075B32A /* Release */ = {
			isa = XCBuildConfiguration;
			buildSettings = {
				DEFINES_MODULE = YES;
				DYLIB_COMPATIBILITY_VERSION = 1;
				DYLIB_CURRENT_VERSION = 1;
				DYLIB_INSTALL_NAME_BASE = "@rpath";
				INFOPLIST_FILE = UIKitSwagger/Info.plist;
				INSTALL_PATH = "$(LOCAL_LIBRARY_DIR)/Frameworks";
				IPHONEOS_DEPLOYMENT_TARGET = 9.0;
				LD_RUNPATH_SEARCH_PATHS = "$(inherited) @executable_path/Frameworks @loader_path/Frameworks";
				PRODUCT_BUNDLE_IDENTIFIER = "com.samodom.$(PRODUCT_NAME:rfc1034identifier)";
				PRODUCT_NAME = "$(TARGET_NAME)";
				SKIP_INSTALL = YES;
			};
			name = Release;
		};
		0A3BB99319EB70C70075B32A /* Debug */ = {
			isa = XCBuildConfiguration;
			buildSettings = {
				FRAMEWORK_SEARCH_PATHS = "$(inherited)";
				GCC_PREPROCESSOR_DEFINITIONS = (
					"DEBUG=1",
					"$(inherited)",
				);
				INFOPLIST_FILE = UIKitSwaggerTests/Info.plist;
				LD_RUNPATH_SEARCH_PATHS = "$(inherited) @executable_path/Frameworks @loader_path/Frameworks";
				PRODUCT_NAME = "$(TARGET_NAME)";
				TEST_HOST = "$(BUILT_PRODUCTS_DIR)/TestingDummy.app/TestingDummy";
			};
			name = Debug;
		};
		0A3BB99419EB70C70075B32A /* Release */ = {
			isa = XCBuildConfiguration;
			buildSettings = {
				FRAMEWORK_SEARCH_PATHS = "$(inherited)";
				INFOPLIST_FILE = UIKitSwaggerTests/Info.plist;
				LD_RUNPATH_SEARCH_PATHS = "$(inherited) @executable_path/Frameworks @loader_path/Frameworks";
				PRODUCT_NAME = "$(TARGET_NAME)";
				TEST_HOST = "$(BUILT_PRODUCTS_DIR)/TestingDummy.app/TestingDummy";
			};
			name = Release;
		};
		0AC4A8CE1A27E05600EBCCB8 /* Debug */ = {
			isa = XCBuildConfiguration;
			buildSettings = {
				ASSETCATALOG_COMPILER_APPICON_NAME = AppIcon;
				GCC_PREPROCESSOR_DEFINITIONS = (
					"DEBUG=1",
					"$(inherited)",
				);
				INFOPLIST_FILE = TestingDummy/Info.plist;
				IPHONEOS_DEPLOYMENT_TARGET = 9.0;
				LD_RUNPATH_SEARCH_PATHS = "$(inherited) @executable_path/Frameworks";
				PRODUCT_BUNDLE_IDENTIFIER = "com.samodom.$(PRODUCT_NAME:rfc1034identifier)";
				PRODUCT_NAME = "$(TARGET_NAME)";
			};
			name = Debug;
		};
		0AC4A8CF1A27E05600EBCCB8 /* Release */ = {
			isa = XCBuildConfiguration;
			buildSettings = {
				ASSETCATALOG_COMPILER_APPICON_NAME = AppIcon;
				INFOPLIST_FILE = TestingDummy/Info.plist;
				IPHONEOS_DEPLOYMENT_TARGET = 9.0;
				LD_RUNPATH_SEARCH_PATHS = "$(inherited) @executable_path/Frameworks";
				PRODUCT_BUNDLE_IDENTIFIER = "com.samodom.$(PRODUCT_NAME:rfc1034identifier)";
				PRODUCT_NAME = "$(TARGET_NAME)";
			};
			name = Release;
		};
/* End XCBuildConfiguration section */

/* Begin XCConfigurationList section */
		0A3BB97319EB70C70075B32A /* Build configuration list for PBXProject "UIKitSwagger" */ = {
			isa = XCConfigurationList;
			buildConfigurations = (
				0A3BB98D19EB70C70075B32A /* Debug */,
				0A3BB98E19EB70C70075B32A /* Release */,
			);
			defaultConfigurationIsVisible = 0;
			defaultConfigurationName = Release;
		};
		0A3BB98F19EB70C70075B32A /* Build configuration list for PBXNativeTarget "UIKitSwagger" */ = {
			isa = XCConfigurationList;
			buildConfigurations = (
				0A3BB99019EB70C70075B32A /* Debug */,
				0A3BB99119EB70C70075B32A /* Release */,
			);
			defaultConfigurationIsVisible = 0;
			defaultConfigurationName = Release;
		};
		0A3BB99219EB70C70075B32A /* Build configuration list for PBXNativeTarget "UIKitSwaggerTests" */ = {
			isa = XCConfigurationList;
			buildConfigurations = (
				0A3BB99319EB70C70075B32A /* Debug */,
				0A3BB99419EB70C70075B32A /* Release */,
			);
			defaultConfigurationIsVisible = 0;
			defaultConfigurationName = Release;
		};
		0AC4A8D21A27E05600EBCCB8 /* Build configuration list for PBXNativeTarget "TestingDummy" */ = {
			isa = XCConfigurationList;
			buildConfigurations = (
				0AC4A8CE1A27E05600EBCCB8 /* Debug */,
				0AC4A8CF1A27E05600EBCCB8 /* Release */,
			);
			defaultConfigurationIsVisible = 0;
			defaultConfigurationName = Release;
		};
/* End XCConfigurationList section */
	};
	rootObject = 0A3BB97019EB70C70075B32A /* Project object */;
}
